
Microsoft Visual Studio Solution File, Format Version 12.00
Project("{FAE04EC0-301F-11D3-BF4B-00C04F79EFBC}") = "SmartHome.webapi", "SmartHome.webapi\SmartHome.webapi.csproj", "{DBEF187A-97ED-466A-9C80-74F0511459E1}"
EndProject
Global
	GlobalSection(SolutionConfigurationPlatforms) = preSolution
		Debug|Any CPU = Debug|Any CPU
		Release|Any CPU = Release|Any CPU
	EndGlobalSection
	GlobalSection(ProjectConfigurationPlatforms) = postSolution
		{DBEF187A-97ED-466A-9C80-74F0511459E1}.Debug|Any CPU.ActiveCfg = Debug|Any CPU
		{DBEF187A-97ED-466A-9C80-74F0511459E1}.Debug|Any CPU.Build.0 = Debug|Any CPU
		{DBEF187A-97ED-466A-9C80-74F0511459E1}.Release|Any CPU.ActiveCfg = Release|Any CPU
		{DBEF187A-97ED-466A-9C80-74F0511459E1}.Release|Any CPU.Build.0 = Release|Any CPU
	EndGlobalSection
EndGlobal
